
Microsoft Visual Studio Solution File, Format Version 12.00
# Visual Studio Version 17
VisualStudioVersion = 17.14.37328.6 d17.14
MinimumVisualStudioVersion = 10.0.40219.1
Project("{FAE04EC0-301F-11D3-BF4B-00C04F79EFBC}") = "VisitorManagementSystem", "VisitorManagementSystem\VisitorManagementSystem.csproj", "{DE5F8373-821F-4FFA-9507-215445E31BCE}"
EndProject
Global
	GlobalSection(SolutionConfigurationPlatforms) = preSolution
		Debug|Any CPU = Debug|Any CPU
		Release|Any CPU = Release|Any CPU
	EndGlobalSection
	GlobalSection(ProjectConfigurationPlatforms) = postSolution
		{DE5F8373-821F-4FFA-9507-215445E31BCE}.Debug|Any CPU.ActiveCfg = Debug|Any CPU
		{DE5F8373-821F-4FFA-9507-215445E31BCE}.Debug|Any CPU.Build.0 = Debug|Any CPU
		{DE5F8373-821F-4FFA-9507-215445E31BCE}.Release|Any CPU.ActiveCfg = Release|Any CPU
		{DE5F8373-821F-4FFA-9507-215445E31BCE}.Release|Any CPU.Build.0 = Release|Any CPU
	EndGlobalSection
	GlobalSection(SolutionProperties) = preSolution
		HideSolutionNode = FALSE
	EndGlobalSection
	GlobalSection(ExtensibilityGlobals) = postSolution
		SolutionGuid = {F8A53B31-5517-4438-ABCB-3E40EBEADEF9}
	EndGlobalSection
EndGlobal
